
Microsoft Visual Studio Solution File, Format Version 12.00
# Visual Studio Version 16
VisualStudioVersion = 16.0.30011.22
MinimumVisualStudioVersion = 10.0.40219.1
Project("{FAE04EC0-301F-11D3-BF4B-00C04F79EFBC}") = "extensionsConfigFuncTest5601_V2", "extensionsConfigFuncTest5601_V2\extensionsConfigFuncTest5601_V2.csproj", "{7F4522B1-DFBB-4F9A-B2FF-23E8FB08942B}"
EndProject
Global
	GlobalSection(SolutionConfigurationPlatforms) = preSolution
		Debug|Any CPU = Debug|Any CPU
		Release|Any CPU = Release|Any CPU
	EndGlobalSection
	GlobalSection(ProjectConfigurationPlatforms) = postSolution
		{7F4522B1-DFBB-4F9A-B2FF-23E8FB08942B}.Debug|Any CPU.ActiveCfg = Debug|Any CPU
		{7F4522B1-DFBB-4F9A-B2FF-23E8FB08942B}.Debug|Any CPU.Build.0 = Debug|Any CPU
		{7F4522B1-DFBB-4F9A-B2FF-23E8FB08942B}.Release|Any CPU.ActiveCfg = Release|Any CPU
		{7F4522B1-DFBB-4F9A-B2FF-23E8FB08942B}.Release|Any CPU.Build.0 = Release|Any CPU
	EndGlobalSection
	GlobalSection(SolutionProperties) = preSolution
		HideSolutionNode = FALSE
	EndGlobalSection
	GlobalSection(ExtensibilityGlobals) = postSolution
		SolutionGuid = {C66481DA-07BD-4F86-91C9-A6CE7F672D21}
	EndGlobalSection
EndGlobal
